
Microsoft Visual Studio Solution File, Format Version 12.00
# Visual Studio Version 17
VisualStudioVersion = 17.3.32929.385
MinimumVisualStudioVersion = 10.0.40219.1
Project("{FAE04EC0-301F-11D3-BF4B-00C04F79EFBC}") = "eTickets", "eTickets.csproj", "{BFB1BFD3-0715-4F43-BD0E-47214D98ED3D}"
EndProject
Global
	GlobalSection(SolutionConfigurationPlatforms) = preSolution
		Debug|Any CPU = Debug|Any CPU
		Release|Any CPU = Release|Any CPU
	EndGlobalSection
	GlobalSection(ProjectConfigurationPlatforms) = postSolution
		{BFB1BFD3-0715-4F43-BD0E-47214D98ED3D}.Debug|Any CPU.ActiveCfg = Debug|Any CPU
		{BFB1BFD3-0715-4F43-BD0E-47214D98ED3D}.Debug|Any CPU.Build.0 = Debug|Any CPU
		{BFB1BFD3-0715-4F43-BD0E-47214D98ED3D}.Release|Any CPU.ActiveCfg = Release|Any CPU
		{BFB1BFD3-0715-4F43-BD0E-47214D98ED3D}.Release|Any CPU.Build.0 = Release|Any CPU
	EndGlobalSection
	GlobalSection(SolutionProperties) = preSolution
		HideSolutionNode = FALSE
	EndGlobalSection
	GlobalSection(ExtensibilityGlobals) = postSolution
		SolutionGuid = {0EE72F3A-228C-4D52-8956-A48E1BC299C6}
	EndGlobalSection
EndGlobal
